
Microsoft Visual Studio Solution File, Format Version 11.00
# Visual Studio 2010
Project("{8BC9CEB8-8B4A-11D0-8D11-00A0C91BC942}") = "SQTestDLL", "SQTestDLL.vcxproj", "{EEF7495D-C49A-4A60-A87B-A46AE652699A}"
EndProject
Global
	GlobalSection(SolutionConfigurationPlatforms) = preSolution
		Debug Unicode|Win32 = Debug Unicode|Win32
		Debug|Win32 = Debug|Win32
		Release Unicode|Win32 = Release Unicode|Win32
		Release|Win32 = Release|Win32
	EndGlobalSection
	GlobalSection(ProjectConfigurationPlatforms) = postSolution
		{EEF7495D-C49A-4A60-A87B-A46AE652699A}.Debug Unicode|Win32.ActiveCfg = Debug|Win32
		{EEF7495D-C49A-4A60-A87B-A46AE652699A}.Debug Unicode|Win32.Build.0 = Debug|Win32
		{EEF7495D-C49A-4A60-A87B-A46AE652699A}.Debug|Win32.ActiveCfg = Debug|Win32
		{EEF7495D-C49A-4A60-A87B-A46AE652699A}.Debug|Win32.Build.0 = Debug|Win32
		{EEF7495D-C49A-4A60-A87B-A46AE652699A}.Release Unicode|Win32.ActiveCfg = Release|Win32
		{EEF7495D-C49A-4A60-A87B-A46AE652699A}.Release Unicode|Win32.Build.0 = Release|Win32
		{EEF7495D-C49A-4A60-A87B-A46AE652699A}.Release|Win32.ActiveCfg = Release|Win32
		{EEF7495D-C49A-4A60-A87B-A46AE652699A}.Release|Win32.Build.0 = Release|Win32
	EndGlobalSection
	GlobalSection(SolutionProperties) = preSolution
		HideSolutionNode = FALSE
	EndGlobalSection
EndGlobal
